
Microsoft Visual Studio Solution File, Format Version 12.00
# Visual Studio Version 17
VisualStudioVersion = 17.14.36202.13 d17.14
MinimumVisualStudioVersion = 10.0.40219.1
Project("{FAE04EC0-301F-11D3-BF4B-00C04F79EFBC}") = "Books_catalog", "Books_catalog\Books_catalog.csproj", "{1931E356-0306-427E-88FE-09314DDAB209}"
EndProject
Global
	GlobalSection(SolutionConfigurationPlatforms) = preSolution
		Debug|Any CPU = Debug|Any CPU
		Release|Any CPU = Release|Any CPU
	EndGlobalSection
	GlobalSection(ProjectConfigurationPlatforms) = postSolution
		{1931E356-0306-427E-88FE-09314DDAB209}.Debug|Any CPU.ActiveCfg = Debug|Any CPU
		{1931E356-0306-427E-88FE-09314DDAB209}.Debug|Any CPU.Build.0 = Debug|Any CPU
		{1931E356-0306-427E-88FE-09314DDAB209}.Release|Any CPU.ActiveCfg = Release|Any CPU
		{1931E356-0306-427E-88FE-09314DDAB209}.Release|Any CPU.Build.0 = Release|Any CPU
	EndGlobalSection
	GlobalSection(SolutionProperties) = preSolution
		HideSolutionNode = FALSE
	EndGlobalSection
	GlobalSection(ExtensibilityGlobals) = postSolution
		SolutionGuid = {60EE8FCF-C531-45D3-A3F5-F50BF6DCF6DC}
	EndGlobalSection
EndGlobal
